// !$*UTF8*$!
{
	archiveVersion = 1;
	classes = {
	};
	objectVersion = 55;
	objects = {

/* Begin PBXBuildFile section */
		07089A742B7CD7CE00C4DC67 /* ArticleView.swift in Sources */ = {isa = PBXBuildFile; fileRef = 07089A732B7CD7CE00C4DC67 /* ArticleView.swift */; };
		075039B52B7B8DAA0099D06D /* NewsAppCombineApp.swift in Sources */ = {isa = PBXBuildFile; fileRef = 075039B42B7B8DAA0099D06D /* NewsAppCombineApp.swift */; };
		075039B92B7B8DB00099D06D /* Assets.xcassets in Resources */ = {isa = PBXBuildFile; fileRef = 075039B82B7B8DB00099D06D /* Assets.xcassets */; };
		075039BC2B7B8DB00099D06D /* Preview Assets.xcassets in Resources */ = {isa = PBXBuildFile; fileRef = 075039BB2B7B8DB00099D06D /* Preview Assets.xcassets */; };
		075039C52B7B8E670099D06D /* NewsResponse.swift in Sources */ = {isa = PBXBuildFile; fileRef = 075039C42B7B8E670099D06D /* NewsResponse.swift */; };
		075039C72B7B8E970099D06D /* HomeApp.swift in Sources */ = {isa = PBXBuildFile; fileRef = 075039C62B7B8E970099D06D /* HomeApp.swift */; };
		075039CA2B7B90240099D06D /* NewsEndPoint.swift in Sources */ = {isa = PBXBuildFile; fileRef = 075039C92B7B90240099D06D /* NewsEndPoint.swift */; };
		075039CD2B7B98E90099D06D /* APIError.swift in Sources */ = {isa = PBXBuildFile; fileRef = 075039CC2B7B98E90099D06D /* APIError.swift */; };
		075039D02B7B9F290099D06D /* NewsService.swift in Sources */ = {isa = PBXBuildFile; fileRef = 075039CF2B7B9F290099D06D /* NewsService.swift */; };
		075039D32B7BF9A30099D06D /* ResultState.swift in Sources */ = {isa = PBXBuildFile; fileRef = 075039D22B7BF9A30099D06D /* ResultState.swift */; };
		075039D62B7BFA570099D06D /* NewsViewModel.swift in Sources */ = {isa = PBXBuildFile; fileRef = 075039D52B7BFA570099D06D /* NewsViewModel.swift */; };
		077DEF132B80B8540066229A /* URLImage in Frameworks */ = {isa = PBXBuildFile; productRef = 077DEF122B80B8540066229A /* URLImage */; };
		077DEF152B80B8540066229A /* URLImageStore in Frameworks */ = {isa = PBXBuildFile; productRef = 077DEF142B80B8540066229A /* URLImageStore */; };
		077DEF172B80CE1F0066229A /* ErrorView.swift in Sources */ = {isa = PBXBuildFile; fileRef = 077DEF162B80CE1F0066229A /* ErrorView.swift */; };
/* End PBXBuildFile section */

/* Begin PBXFileReference section */
		07089A732B7CD7CE00C4DC67 /* ArticleView.swift */ = {isa = PBXFileReference; lastKnownFileType = sourcecode.swift; path = ArticleView.swift; sourceTree = "<group>"; };
		075039B12B7B8DAA0099D06D /* NewsAppCombine.app */ = {isa = PBXFileReference; explicitFileType = wrapper.application; includeInIndex = 0; path = NewsAppCombine.app; sourceTree = BUILT_PRODUCTS_DIR; };
		075039B42B7B8DAA0099D06D /* NewsAppCombineApp.swift */ = {isa = PBXFileReference; lastKnownFileType = sourcecode.swift; path = NewsAppCombineApp.swift; sourceTree = "<group>"; };
		075039B82B7B8DB00099D06D /* Assets.xcassets */ = {isa = PBXFileReference; lastKnownFileType = folder.assetcatalog; path = Assets.xcassets; sourceTree = "<group>"; };
		075039BB2B7B8DB00099D06D /* Preview Assets.xcassets */ = {isa = PBXFileReference; lastKnownFileType = folder.assetcatalog; path = "Preview Assets.xcassets"; sourceTree = "<group>"; };
		075039C42B7B8E670099D06D /* NewsResponse.swift */ = {isa = PBXFileReference; lastKnownFileType = sourcecode.swift; path = NewsResponse.swift; sourceTree = "<group>"; };
		075039C62B7B8E970099D06D /* HomeApp.swift */ = {isa = PBXFileReference; lastKnownFileType = sourcecode.swift; path = HomeApp.swift; sourceTree = "<group>"; };
		075039C92B7B90240099D06D /* NewsEndPoint.swift */ = {isa = PBXFileReference; lastKnownFileType = sourcecode.swift; path = NewsEndPoint.swift; sourceTree = "<group>"; };
		075039CC2B7B98E90099D06D /* APIError.swift */ = {isa = PBXFileReference; lastKnownFileType = sourcecode.swift; path = APIError.swift; sourceTree = "<group>"; };
		075039CF2B7B9F290099D06D /* NewsService.swift */ = {isa = PBXFileReference; lastKnownFileType = sourcecode.swift; path = NewsService.swift; sourceTree = "<group>"; };
		075039D22B7BF9A30099D06D /* ResultState.swift */ = {isa = PBXFileReference; lastKnownFileType = sourcecode.swift; path = ResultState.swift; sourceTree = "<group>"; };
		075039D52B7BFA570099D06D /* NewsViewModel.swift */ = {isa = PBXFileReference; lastKnownFileType = sourcecode.swift; path = NewsViewModel.swift; sourceTree = "<group>"; };
		077DEF162B80CE1F0066229A /* ErrorView.swift */ = {isa = PBXFileReference; lastKnownFileType = sourcecode.swift; path = ErrorView.swift; sourceTree = "<group>"; };
/* End PBXFileReference section */

/* Begin PBXFrameworksBuildPhase section */
		075039AE2B7B8DAA0099D06D /* Frameworks */ = {
			isa = PBXFrameworksBuildPhase;
			buildActionMask = 2147483647;
			files = (
				077DEF132B80B8540066229A /* URLImage in Frameworks */,
				077DEF152B80B8540066229A /* URLImageStore in Frameworks */,
			);
			runOnlyForDeploymentPostprocessing = 0;
		};
/* End PBXFrameworksBuildPhase section */

/* Begin PBXGroup section */
		075039A82B7B8DAA0099D06D = {
			isa = PBXGroup;
			children = (
				075039B32B7B8DAA0099D06D /* NewsAppCombine */,
				075039B22B7B8DAA0099D06D /* Products */,
			);
			sourceTree = "<group>";
		};
		075039B22B7B8DAA0099D06D /* Products */ = {
			isa = PBXGroup;
			children = (
				075039B12B7B8DAA0099D06D /* NewsAppCombine.app */,
			);
			name = Products;
			sourceTree = "<group>";
		};
		075039B32B7B8DAA0099D06D /* NewsAppCombine */ = {
			isa = PBXGroup;
			children = (
				075039D42B7BFA3B0099D06D /* ViewModel */,
				075039D12B7BF97F0099D06D /* State */,
				075039CE2B7B9F110099D06D /* Service */,
				075039CB2B7B98CF0099D06D /* Error */,
				075039C82B7B90090099D06D /* EndPoint */,
				075039C32B7B8E410099D06D /* Model */,
				075039C22B7B8E360099D06D /* View */,
				075039B42B7B8DAA0099D06D /* NewsAppCombineApp.swift */,
				075039B82B7B8DB00099D06D /* Assets.xcassets */,
				075039BA2B7B8DB00099D06D /* Preview Content */,
			);
			path = NewsAppCombine;
			sourceTree = "<group>";
		};
		075039BA2B7B8DB00099D06D /* Preview Content */ = {
			isa = PBXGroup;
			children = (
				075039BB2B7B8DB00099D06D /* Preview Assets.xcassets */,
			);
			path = "Preview Content";
			sourceTree = "<group>";
		};
		075039C22B7B8E360099D06D /* View */ = {
			isa = PBXGroup;
			children = (
				075039C62B7B8E970099D06D /* HomeApp.swift */,
				07089A732B7CD7CE00C4DC67 /* ArticleView.swift */,
				077DEF162B80CE1F0066229A /* ErrorView.swift */,
			);
			path = View;
			sourceTree = "<group>";
		};
		075039C32B7B8E410099D06D /* Model */ = {
			isa = PBXGroup;
			children = (
				075039C42B7B8E670099D06D /* NewsResponse.swift */,
			);
			path = Model;
			sourceTree = "<group>";
		};
		075039C82B7B90090099D06D /* EndPoint */ = {
			isa = PBXGroup;
			children = (
				075039C92B7B90240099D06D /* NewsEndPoint.swift */,
			);
			path = EndPoint;
			sourceTree = "<group>";
		};
		075039CB2B7B98CF0099D06D /* Error */ = {
			isa = PBXGroup;
			children = (
				075039CC2B7B98E90099D06D /* APIError.swift */,
			);
			path = Error;
			sourceTree = "<group>";
		};
		075039CE2B7B9F110099D06D /* Service */ = {
			isa = PBXGroup;
			children = (
				075039CF2B7B9F290099D06D /* NewsService.swift */,
			);
			path = Service;
			sourceTree = "<group>";
		};
		075039D12B7BF97F0099D06D /* State */ = {
			isa = PBXGroup;
			children = (
				075039D22B7BF9A30099D06D /* ResultState.swift */,
			);
			path = State;
			sourceTree = "<group>";
		};
		075039D42B7BFA3B0099D06D /* ViewModel */ = {
			isa = PBXGroup;
			children = (
				075039D52B7BFA570099D06D /* NewsViewModel.swift */,
			);
			path = ViewModel;
			sourceTree = "<group>";
		};
/* End PBXGroup section */

/* Begin PBXNativeTarget section */
		075039B02B7B8DAA0099D06D /* NewsAppCombine */ = {
			isa = PBXNativeTarget;
			buildConfigurationList = 075039BF2B7B8DB00099D06D /* Build configuration list for PBXNativeTarget "NewsAppCombine" */;
			buildPhases = (
				075039AD2B7B8DAA0099D06D /* Sources */,
				075039AE2B7B8DAA0099D06D /* Frameworks */,
				075039AF2B7B8DAA0099D06D /* Resources */,
			);
			buildRules = (
			);
			dependencies = (
			);
			name = NewsAppCombine;
			packageProductDependencies = (
				077DEF122B80B8540066229A /* URLImage */,
				077DEF142B80B8540066229A /* URLImageStore */,
			);
			productName = NewsAppCombine;
			productReference = 075039B12B7B8DAA0099D06D /* NewsAppCombine.app */;
			productType = "com.apple.product-type.application";
		};
/* End PBXNativeTarget section */

/* Begin PBXProject section */
		075039A92B7B8DAA0099D06D /* Project object */ = {
			isa = PBXProject;
			attributes = {
				BuildIndependentTargetsInParallel = 1;
				LastSwiftUpdateCheck = 1320;
				LastUpgradeCheck = 1320;
				TargetAttributes = {
					075039B02B7B8DAA0099D06D = {
						CreatedOnToolsVersion = 13.2;
					};
				};
			};
			buildConfigurationList = 075039AC2B7B8DAA0099D06D /* Build configuration list for PBXProject "NewsAppCombine" */;
			compatibilityVersion = "Xcode 13.0";
			developmentRegion = en;
			hasScannedForEncodings = 0;
			knownRegions = (
				en,
				Base,
			);
			mainGroup = 075039A82B7B8DAA0099D06D;
			packageReferences = (
				077DEF112B80B8540066229A /* XCRemoteSwiftPackageReference "url-image" */,
			);
			productRefGroup = 075039B22B7B8DAA0099D06D /* Products */;
			projectDirPath = "";
			projectRoot = "";
			targets = (
				075039B02B7B8DAA0099D06D /* NewsAppCombine */,
			);
		};
/* End PBXProject section */

/* Begin PBXResourcesBuildPhase section */
		075039AF2B7B8DAA0099D06D /* Resources */ = {
			isa = PBXResourcesBuildPhase;
			buildActionMask = 2147483647;
			files = (
				075039BC2B7B8DB00099D06D /* Preview Assets.xcassets in Resources */,
				075039B92B7B8DB00099D06D /* Assets.xcassets in Resources */,
			);
			runOnlyForDeploymentPostprocessing = 0;
		};
/* End PBXResourcesBuildPhase section */

/* Begin PBXSourcesBuildPhase section */
		075039AD2B7B8DAA0099D06D /* Sources */ = {
			isa = PBXSourcesBuildPhase;
			buildActionMask = 2147483647;
			files = (
				075039D32B7BF9A30099D06D /* ResultState.swift in Sources */,
				075039D02B7B9F290099D06D /* NewsService.swift in Sources */,
				075039C52B7B8E670099D06D /* NewsResponse.swift in Sources */,
				075039C72B7B8E970099D06D /* HomeApp.swift in Sources */,
				075039B52B7B8DAA0099D06D /* NewsAppCombineApp.swift in Sources */,
				077DEF172B80CE1F0066229A /* ErrorView.swift in Sources */,
				075039CD2B7B98E90099D06D /* APIError.swift in Sources */,
				075039CA2B7B90240099D06D /* NewsEndPoint.swift in Sources */,
				07089A742B7CD7CE00C4DC67 /* ArticleView.swift in Sources */,
				075039D62B7BFA570099D06D /* NewsViewModel.swift in Sources */,
			);
			runOnlyForDeploymentPostprocessing = 0;
		};
/* End PBXSourcesBuildPhase section */

/* Begin XCBuildConfiguration section */
		075039BD2B7B8DB00099D06D /* Debug */ = {
			isa = XCBuildConfiguration;
			buildSettings = {
				ALWAYS_SEARCH_USER_PATHS = NO;
				CLANG_ANALYZER_NONNULL = YES;
				CLANG_ANALYZER_NUMBER_OBJECT_CONVERSION = YES_AGGRESSIVE;
				CLANG_CXX_LANGUAGE_STANDARD = "gnu++17";
				CLANG_CXX_LIBRARY = "libc++";
				CLANG_ENABLE_MODULES = YES;
				CLANG_ENABLE_OBJC_ARC = YES;
				CLANG_ENABLE_OBJC_WEAK = YES;
				CLANG_WARN_BLOCK_CAPTURE_AUTORELEASING = YES;
				CLANG_WARN_BOOL_CONVERSION = YES;
				CLANG_WARN_COMMA = YES;
				CLANG_WARN_CONSTANT_CONVERSION = YES;
				CLANG_WARN_DEPRECATED_OBJC_IMPLEMENTATIONS = YES;
				CLANG_WARN_DIRECT_OBJC_ISA_USAGE = YES_ERROR;
				CLANG_WARN_DOCUMENTATION_COMMENTS = YES;
				CLANG_WARN_EMPTY_BODY = YES;
				CLANG_WARN_ENUM_CONVERSION = YES;
				CLANG_WARN_INFINITE_RECURSION = YES;
				CLANG_WARN_INT_CONVERSION = YES;
				CLANG_WARN_NON_LITERAL_NULL_CONVERSION = YES;
				CLANG_WARN_OBJC_IMPLICIT_RETAIN_SELF = YES;
				CLANG_WARN_OBJC_LITERAL_CONVERSION = YES;
				CLANG_WARN_OBJC_ROOT_CLASS = YES_ERROR;
				CLANG_WARN_QUOTED_INCLUDE_IN_FRAMEWORK_HEADER = YES;
				CLANG_WARN_RANGE_LOOP_ANALYSIS = YES;
				CLANG_WARN_STRICT_PROTOTYPES = YES;
				CLANG_WARN_SUSPICIOUS_MOVE = YES;
				CLANG_WARN_UNGUARDED_AVAILABILITY = YES_AGGRESSIVE;
				CLANG_WARN_UNREACHABLE_CODE = YES;
				CLANG_WARN__DUPLICATE_METHOD_MATCH = YES;
				COPY_PHASE_STRIP = NO;
				DEBUG_INFORMATION_FORMAT = dwarf;
				ENABLE_STRICT_OBJC_MSGSEND = YES;
				ENABLE_TESTABILITY = YES;
				GCC_C_LANGUAGE_STANDARD = gnu11;
				GCC_DYNAMIC_NO_PIC = NO;
				GCC_NO_COMMON_BLOCKS = YES;
				GCC_OPTIMIZATION_LEVEL = 0;
				GCC_PREPROCESSOR_DEFINITIONS = (
					"DEBUG=1",
					"$(inherited)",
				);
				GCC_WARN_64_TO_32_BIT_CONVERSION = YES;
				GCC_WARN_ABOUT_RETURN_TYPE = YES_ERROR;
				GCC_WARN_UNDECLARED_SELECTOR = YES;
				GCC_WARN_UNINITIALIZED_AUTOS = YES_AGGRESSIVE;
				GCC_WARN_UNUSED_FUNCTION = YES;
				GCC_WARN_UNUSED_VARIABLE = YES;
				IPHONEOS_DEPLOYMENT_TARGET = 15.2;
				MTL_ENABLE_DEBUG_INFO = INCLUDE_SOURCE;
				MTL_FAST_MATH = YES;
				ONLY_ACTIVE_ARCH = YES;
				SDKROOT = iphoneos;
				SWIFT_ACTIVE_COMPILATION_CONDITIONS = DEBUG;
				SWIFT_OPTIMIZATION_LEVEL = "-Onone";
			};
			name = Debug;
		};
		075039BE2B7B8DB00099D06D /* Release */ = {
			isa = XCBuildConfiguration;
			buildSettings = {
				ALWAYS_SEARCH_USER_PATHS = NO;
				CLANG_ANALYZER_NONNULL = YES;
				CLANG_ANALYZER_NUMBER_OBJECT_CONVERSION = YES_AGGRESSIVE;
				CLANG_CXX_LANGUAGE_STANDARD = "gnu++17";
				CLANG_CXX_LIBRARY = "libc++";
				CLANG_ENABLE_MODULES = YES;
				CLANG_ENABLE_OBJC_ARC = YES;
				CLANG_ENABLE_OBJC_WEAK = YES;
				CLANG_WARN_BLOCK_CAPTURE_AUTORELEASING = YES;
				CLANG_WARN_BOOL_CONVERSION = YES;
				CLANG_WARN_COMMA = YES;
				CLANG_WARN_CONSTANT_CONVERSION = YES;
				CLANG_WARN_DEPRECATED_OBJC_IMPLEMENTATIONS = YES;
				CLANG_WARN_DIRECT_OBJC_ISA_USAGE = YES_ERROR;
				CLANG_WARN_DOCUMENTATION_COMMENTS = YES;
				CLANG_WARN_EMPTY_BODY = YES;
				CLANG_WARN_ENUM_CONVERSION = YES;
				CLANG_WARN_INFINITE_RECURSION = YES;
				CLANG_WARN_INT_CONVERSION = YES;
				CLANG_WARN_NON_LITERAL_NULL_CONVERSION = YES;
				CLANG_WARN_OBJC_IMPLICIT_RETAIN_SELF = YES;
				CLANG_WARN_OBJC_LITERAL_CONVERSION = YES;
				CLANG_WARN_OBJC_ROOT_CLASS = YES_ERROR;
				CLANG_WARN_QUOTED_INCLUDE_IN_FRAMEWORK_HEADER = YES;
				CLANG_WARN_RANGE_LOOP_ANALYSIS = YES;
				CLANG_WARN_STRICT_PROTOTYPES = YES;
				CLANG_WARN_SUSPICIOUS_MOVE = YES;
				CLANG_WARN_UNGUARDED_AVAILABILITY = YES_AGGRESSIVE;
				CLANG_WARN_UNREACHABLE_CODE = YES;
				CLANG_WARN__DUPLICATE_METHOD_MATCH = YES;
				COPY_PHASE_STRIP = NO;
				DEBUG_INFORMATION_FORMAT = "dwarf-with-dsym";
				ENABLE_NS_ASSERTIONS = NO;
				ENABLE_STRICT_OBJC_MSGSEND = YES;
				GCC_C_LANGUAGE_STANDARD = gnu11;
				GCC_NO_COMMON_BLOCKS = YES;
				GCC_WARN_64_TO_32_BIT_CONVERSION = YES;
				GCC_WARN_ABOUT_RETURN_TYPE = YES_ERROR;
				GCC_WARN_UNDECLARED_SELECTOR = YES;
				GCC_WARN_UNINITIALIZED_AUTOS = YES_AGGRESSIVE;
				GCC_WARN_UNUSED_FUNCTION = YES;
				GCC_WARN_UNUSED_VARIABLE = YES;
				IPHONEOS_DEPLOYMENT_TARGET = 15.2;
				MTL_ENABLE_DEBUG_INFO = NO;
				MTL_FAST_MATH = YES;
				SDKROOT = iphoneos;
				SWIFT_COMPILATION_MODE = wholemodule;
				SWIFT_OPTIMIZATION_LEVEL = "-O";
				VALIDATE_PRODUCT = YES;
			};
			name = Release;
		};
		075039C02B7B8DB00099D06D /* Debug */ = {
			isa = XCBuildConfiguration;
			buildSettings = {
				ASSETCATALOG_COMPILER_APPICON_NAME = AppIcon;
				ASSETCATALOG_COMPILER_GLOBAL_ACCENT_COLOR_NAME = AccentColor;
				CODE_SIGN_STYLE = Automatic;
				CURRENT_PROJECT_VERSION = 1;
				DEVELOPMENT_ASSET_PATHS = "\"NewsAppCombine/Preview Content\"";
				DEVELOPMENT_TEAM = CZAAVN9JAQ;
				ENABLE_PREVIEWS = YES;
				GENERATE_INFOPLIST_FILE = YES;
				INFOPLIST_KEY_UIApplicationSceneManifest_Generation = YES;
				INFOPLIST_KEY_UIApplicationSupportsIndirectInputEvents = YES;
				INFOPLIST_KEY_UILaunchScreen_Generation = YES;
				INFOPLIST_KEY_UISupportedInterfaceOrientations_iPad = "UIInterfaceOrientationPortrait UIInterfaceOrientationPortraitUpsideDown UIInterfaceOrientationLandscapeLeft UIInterfaceOrientationLandscapeRight";
				INFOPLIST_KEY_UISupportedInterfaceOrientations_iPhone = "UIInterfaceOrientationPortrait UIInterfaceOrientationLandscapeLeft UIInterfaceOrientationLandscapeRight";
				LD_RUNPATH_SEARCH_PATHS = (
					"$(inherited)",
					"@executable_path/Frameworks",
				);
				MARKETING_VERSION = 1.0;
				PRODUCT_BUNDLE_IDENTIFIER = mr.barkat.NewsAppCombine;
				PRODUCT_NAME = "$(TARGET_NAME)";
				SWIFT_EMIT_LOC_STRINGS = YES;
				SWIFT_VERSION = 5.0;
				TARGETED_DEVICE_FAMILY = "1,2";
			};
			name = Debug;
		};
		075039C12B7B8DB00099D06D /* Release */ = {
			isa = XCBuildConfiguration;
			buildSettings = {
				ASSETCATALOG_COMPILER_APPICON_NAME = AppIcon;
				ASSETCATALOG_COMPILER_GLOBAL_ACCENT_COLOR_NAME = AccentColor;
				CODE_SIGN_STYLE = Automatic;
				CURRENT_PROJECT_VERSION = 1;
				DEVELOPMENT_ASSET_PATHS = "\"NewsAppCombine/Preview Content\"";
				DEVELOPMENT_TEAM = CZAAVN9JAQ;
				ENABLE_PREVIEWS = YES;
				GENERATE_INFOPLIST_FILE = YES;
				INFOPLIST_KEY_UIApplicationSceneManifest_Generation = YES;
				INFOPLIST_KEY_UIApplicationSupportsIndirectInputEvents = YES;
				INFOPLIST_KEY_UILaunchScreen_Generation = YES;
				INFOPLIST_KEY_UISupportedInterfaceOrientations_iPad = "UIInterfaceOrientationPortrait UIInterfaceOrientationPortraitUpsideDown UIInterfaceOrientationLandscapeLeft UIInterfaceOrientationLandscapeRight";
				INFOPLIST_KEY_UISupportedInterfaceOrientations_iPhone = "UIInterfaceOrientationPortrait UIInterfaceOrientationLandscapeLeft UIInterfaceOrientationLandscapeRight";
				LD_RUNPATH_SEARCH_PATHS = (
					"$(inherited)",
					"@executable_path/Frameworks",
				);
				MARKETING_VERSION = 1.0;
				PRODUCT_BUNDLE_IDENTIFIER = mr.barkat.NewsAppCombine;
				PRODUCT_NAME = "$(TARGET_NAME)";
				SWIFT_EMIT_LOC_STRINGS = YES;
				SWIFT_VERSION = 5.0;
				TARGETED_DEVICE_FAMILY = "1,2";
			};
			name = Release;
		};
/* End XCBuildConfiguration section */

/* Begin XCConfigurationList section */
		075039AC2B7B8DAA0099D06D /* Build configuration list for PBXProject "NewsAppCombine" */ = {
			isa = XCConfigurationList;
			buildConfigurations = (
				075039BD2B7B8DB00099D06D /* Debug */,
				075039BE2B7B8DB00099D06D /* Release */,
			);
			defaultConfigurationIsVisible = 0;
			defaultConfigurationName = Release;
		};
		075039BF2B7B8DB00099D06D /* Build configuration list for PBXNativeTarget "NewsAppCombine" */ = {
			isa = XCConfigurationList;
			buildConfigurations = (
				075039C02B7B8DB00099D06D /* Debug */,
				075039C12B7B8DB00099D06D /* Release */,
			);
			defaultConfigurationIsVisible = 0;
			defaultConfigurationName = Release;
		};
/* End XCConfigurationList section */

/* Begin XCRemoteSwiftPackageReference section */
		077DEF112B80B8540066229A /* XCRemoteSwiftPackageReference "url-image" */ = {
			isa = XCRemoteSwiftPackageReference;
			repositoryURL = "https://github.com/dmytro-anokhin/url-image";
			requirement = {
				kind = upToNextMajorVersion;
				minimumVersion = 3.0.0;
			};
		};
/* End XCRemoteSwiftPackageReference section */

/* Begin XCSwiftPackageProductDependency section */
		077DEF122B80B8540066229A /* URLImage */ = {
			isa = XCSwiftPackageProductDependency;
			package = 077DEF112B80B8540066229A /* XCRemoteSwiftPackageReference "url-image" */;
			productName = URLImage;
		};
		077DEF142B80B8540066229A /* URLImageStore */ = {
			isa = XCSwiftPackageProductDependency;
			package = 077DEF112B80B8540066229A /* XCRemoteSwiftPackageReference "url-image" */;
			productName = URLImageStore;
		};
/* End XCSwiftPackageProductDependency section */
	};
	rootObject = 075039A92B7B8DAA0099D06D /* Project object */;
}
